PODS:
  - CocoaExpand (1.0.9.5)
  - Masonry (1.1.0)
  - NNButton (1.0.1)
  - SnapKit (5.0.1)
  - SnapKitExtend (1.0.7):
    - SnapKit

DEPENDENCIES:
  - CocoaExpand
  - Masonry
  - NNButton (from `../`)
  - SnapKit
  - SnapKitExtend

SPEC REPOS:
  trunk:
    - CocoaExpand
    - Masonry
    - SnapKit
    - SnapKitExtend

EXTERNAL SOURCES:
  NNButton:
    :path: "../"

SPEC CHECKSUMS:
  CocoaExpand: 90ac3f2c06ad42a6585567d72715a6f473b3d41e
  Masonry: 678fab65091a9290e40e2832a55e7ab731aad201
  NNButton: 24c60f6d27962afb72ed82f7e8c267d802d5e9d0
  SnapKit: 97b92857e3df3a0c71833cce143274bf6ef8e5eb
  SnapKitExtend: 00ee4db6d1f80bee01a1e75745f2a6ae695ba662

PODFILE CHECKSUM: 7843e68420d005ec160cb130dca83bbb72cca537

COCOAPODS: 1.9.1
